
Microsoft Visual Studio Solution File, Format Version 12.00
# Visual Studio Version 17
VisualStudioVersion = 17.5.33627.172
MinimumVisualStudioVersion = 10.0.40219.1
Project("{FAE04EC0-301F-11D3-BF4B-00C04F79EFBC}") = "Client", "Client\Client.csproj", "{3424A07F-94E2-4D2A-A0A0-784549A21B0A}"
EndProject
Project("{9A19103F-16F7-4668-BE54-9A1E7A4F7556}") = "Server", "Server\Server.csproj", "{6E057875-3F8E-4C3C-BD8E-0D966620562F}"
EndProject
Project("{2150E333-8FDC-42A3-9474-1A3956D46DE8}") = "Solution Items", "Solution Items", "{36CA818A-6C18-4465-B020-F1E02D368EA0}"
	ProjectSection(SolutionItems) = preProject
		README.md = README.md
	EndProjectSection
EndProject
Project("{FAE04EC0-301F-11D3-BF4B-00C04F79EFBC}") = "Client.Test", "Client.Test\Client.Test.csproj", "{2DB4BBFC-1352-4858-BF08-CAEA08987DC6}"
EndProject
Global
	GlobalSection(SolutionConfigurationPlatforms) = preSolution
		Debug|Any CPU = Debug|Any CPU
		Release|Any CPU = Release|Any CPU
	EndGlobalSection
	GlobalSection(ProjectConfigurationPlatforms) = postSolution
		{3424A07F-94E2-4D2A-A0A0-784549A21B0A}.Debug|Any CPU.ActiveCfg = Debug|Any CPU
		{3424A07F-94E2-4D2A-A0A0-784549A21B0A}.Debug|Any CPU.Build.0 = Debug|Any CPU
		{3424A07F-94E2-4D2A-A0A0-784549A21B0A}.Release|Any CPU.ActiveCfg = Release|Any CPU
		{3424A07F-94E2-4D2A-A0A0-784549A21B0A}.Release|Any CPU.Build.0 = Release|Any CPU
		{6E057875-3F8E-4C3C-BD8E-0D966620562F}.Debug|Any CPU.ActiveCfg = Debug|Any CPU
		{6E057875-3F8E-4C3C-BD8E-0D966620562F}.Debug|Any CPU.Build.0 = Debug|Any CPU
		{6E057875-3F8E-4C3C-BD8E-0D966620562F}.Release|Any CPU.ActiveCfg = Release|Any CPU
		{6E057875-3F8E-4C3C-BD8E-0D966620562F}.Release|Any CPU.Build.0 = Release|Any CPU
		{2DB4BBFC-1352-4858-BF08-CAEA08987DC6}.Debug|Any CPU.ActiveCfg = Debug|Any CPU
		{2DB4BBFC-1352-4858-BF08-CAEA08987DC6}.Debug|Any CPU.Build.0 = Debug|Any CPU
		{2DB4BBFC-1352-4858-BF08-CAEA08987DC6}.Release|Any CPU.ActiveCfg = Release|Any CPU
		{2DB4BBFC-1352-4858-BF08-CAEA08987DC6}.Release|Any CPU.Build.0 = Release|Any CPU
	EndGlobalSection
	GlobalSection(SolutionProperties) = preSolution
		HideSolutionNode = FALSE
	EndGlobalSection
	GlobalSection(ExtensibilityGlobals) = postSolution
		SolutionGuid = {EDF3E199-96B2-4A0A-9427-13596DF2B5D3}
	EndGlobalSection
EndGlobal
